
Microsoft Visual Studio Solution File, Format Version 12.00
# Visual Studio Version 16
VisualStudioVersion = 16.0.31515.178
MinimumVisualStudioVersion = 10.0.40219.1
Project("{FAE04EC0-301F-11D3-BF4B-00C04F79EFBC}") = "SignalRProject.API", "SignalRProject.API\SignalRProject.API.csproj", "{4E03E9D7-47AD-4A5E-9150-700544AF6DD2}"
EndProject
Project("{FAE04EC0-301F-11D3-BF4B-00C04F79EFBC}") = "SignalRProject.Web", "SignalRProject.Web\SignalRProject.Web.csproj", "{5DFFBCD4-0E96-4061-956F-E03B80143561}"
EndProject
Global
	GlobalSection(SolutionConfigurationPlatforms) = preSolution
		Debug|Any CPU = Debug|Any CPU
		Release|Any CPU = Release|Any CPU
	EndGlobalSection
	GlobalSection(ProjectConfigurationPlatforms) = postSolution
		{4E03E9D7-47AD-4A5E-9150-700544AF6DD2}.Debug|Any CPU.ActiveCfg = Debug|Any CPU
		{4E03E9D7-47AD-4A5E-9150-700544AF6DD2}.Debug|Any CPU.Build.0 = Debug|Any CPU
		{4E03E9D7-47AD-4A5E-9150-700544AF6DD2}.Release|Any CPU.ActiveCfg = Release|Any CPU
		{4E03E9D7-47AD-4A5E-9150-700544AF6DD2}.Release|Any CPU.Build.0 = Release|Any CPU
		{5DFFBCD4-0E96-4061-956F-E03B80143561}.Debug|Any CPU.ActiveCfg = Debug|Any CPU
		{5DFFBCD4-0E96-4061-956F-E03B80143561}.Debug|Any CPU.Build.0 = Debug|Any CPU
		{5DFFBCD4-0E96-4061-956F-E03B80143561}.Release|Any CPU.ActiveCfg = Release|Any CPU
		{5DFFBCD4-0E96-4061-956F-E03B80143561}.Release|Any CPU.Build.0 = Release|Any CPU
	EndGlobalSection
	GlobalSection(SolutionProperties) = preSolution
		HideSolutionNode = FALSE
	EndGlobalSection
	GlobalSection(ExtensibilityGlobals) = postSolution
		SolutionGuid = {0B7D202C-2667-4C64-B355-B14DE62C41D8}
	EndGlobalSection
EndGlobal
